
Microsoft Visual Studio Solution File, Format Version 12.00
# Visual Studio 15
VisualStudioVersion = 15.0.26124.0
MinimumVisualStudioVersion = 15.0.26124.0
Project("{FAE04EC0-301F-11D3-BF4B-00C04F79EFBC}") = "trial-and-error_1022", "trial-and-error_1022.csproj", "{8631B01E-3988-46AB-9D29-9CD21B1D3CD8}"
EndProject
Project("{FAE04EC0-301F-11D3-BF4B-00C04F79EFBC}") = "trial-and-error_1028", "..\trial-and-error_1028\trial-and-error_1028.csproj", "{1F2F95FA-16B2-416C-A170-D1097BFD36D6}"
EndProject
Project("{FAE04EC0-301F-11D3-BF4B-00C04F79EFBC}") = "trial-and-error_1022.Test", "..\trial-and-error_1022.Test\trial-and-error_1022.Test.csproj", "{69292FF6-1276-4A4A-A7C4-38E4C0EE9D60}"
EndProject
Project("{FAE04EC0-301F-11D3-BF4B-00C04F79EFBC}") = "trial-and-error_1028.Test", "..\trial-and-error_1028.Test\trial-and-error_1028.Test.csproj", "{028B8B32-EDD4-47BE-8ECB-F4FF4FAFA34D}"
EndProject
Global
	GlobalSection(SolutionConfigurationPlatforms) = preSolution
		Debug|Any CPU = Debug|Any CPU
		Debug|x64 = Debug|x64
		Debug|x86 = Debug|x86
		Release|Any CPU = Release|Any CPU
		Release|x64 = Release|x64
		Release|x86 = Release|x86
	EndGlobalSection
	GlobalSection(SolutionProperties) = preSolution
		HideSolutionNode = FALSE
	EndGlobalSection
	GlobalSection(ProjectConfigurationPlatforms) = postSolution
		{8631B01E-3988-46AB-9D29-9CD21B1D3CD8}.Debug|Any CPU.ActiveCfg = Debug|Any CPU
		{8631B01E-3988-46AB-9D29-9CD21B1D3CD8}.Debug|Any CPU.Build.0 = Debug|Any CPU
		{8631B01E-3988-46AB-9D29-9CD21B1D3CD8}.Debug|x64.ActiveCfg = Debug|Any CPU
		{8631B01E-3988-46AB-9D29-9CD21B1D3CD8}.Debug|x64.Build.0 = Debug|Any CPU
		{8631B01E-3988-46AB-9D29-9CD21B1D3CD8}.Debug|x86.ActiveCfg = Debug|Any CPU
		{8631B01E-3988-46AB-9D29-9CD21B1D3CD8}.Debug|x86.Build.0 = Debug|Any CPU
		{8631B01E-3988-46AB-9D29-9CD21B1D3CD8}.Release|Any CPU.ActiveCfg = Release|Any CPU
		{8631B01E-3988-46AB-9D29-9CD21B1D3CD8}.Release|Any CPU.Build.0 = Release|Any CPU
		{8631B01E-3988-46AB-9D29-9CD21B1D3CD8}.Release|x64.ActiveCfg = Release|Any CPU
		{8631B01E-3988-46AB-9D29-9CD21B1D3CD8}.Release|x64.Build.0 = Release|Any CPU
		{8631B01E-3988-46AB-9D29-9CD21B1D3CD8}.Release|x86.ActiveCfg = Release|Any CPU
		{8631B01E-3988-46AB-9D29-9CD21B1D3CD8}.Release|x86.Build.0 = Release|Any CPU
		{1F2F95FA-16B2-416C-A170-D1097BFD36D6}.Debug|Any CPU.ActiveCfg = Debug|Any CPU
		{1F2F95FA-16B2-416C-A170-D1097BFD36D6}.Debug|Any CPU.Build.0 = Debug|Any CPU
		{1F2F95FA-16B2-416C-A170-D1097BFD36D6}.Debug|x64.ActiveCfg = Debug|Any CPU
		{1F2F95FA-16B2-416C-A170-D1097BFD36D6}.Debug|x64.Build.0 = Debug|Any CPU
		{1F2F95FA-16B2-416C-A170-D1097BFD36D6}.Debug|x86.ActiveCfg = Debug|Any CPU
		{1F2F95FA-16B2-416C-A170-D1097BFD36D6}.Debug|x86.Build.0 = Debug|Any CPU
		{1F2F95FA-16B2-416C-A170-D1097BFD36D6}.Release|Any CPU.ActiveCfg = Release|Any CPU
		{1F2F95FA-16B2-416C-A170-D1097BFD36D6}.Release|Any CPU.Build.0 = Release|Any CPU
		{1F2F95FA-16B2-416C-A170-D1097BFD36D6}.Release|x64.ActiveCfg = Release|Any CPU
		{1F2F95FA-16B2-416C-A170-D1097BFD36D6}.Release|x64.Build.0 = Release|Any CPU
		{1F2F95FA-16B2-416C-A170-D1097BFD36D6}.Release|x86.ActiveCfg = Release|Any CPU
		{1F2F95FA-16B2-416C-A170-D1097BFD36D6}.Release|x86.Build.0 = Release|Any CPU
		{69292FF6-1276-4A4A-A7C4-38E4C0EE9D60}.Debug|Any CPU.ActiveCfg = Debug|Any CPU
		{69292FF6-1276-4A4A-A7C4-38E4C0EE9D60}.Debug|Any CPU.Build.0 = Debug|Any CPU
		{69292FF6-1276-4A4A-A7C4-38E4C0EE9D60}.Debug|x64.ActiveCfg = Debug|Any CPU
		{69292FF6-1276-4A4A-A7C4-38E4C0EE9D60}.Debug|x64.Build.0 = Debug|Any CPU
		{69292FF6-1276-4A4A-A7C4-38E4C0EE9D60}.Debug|x86.ActiveCfg = Debug|Any CPU
		{69292FF6-1276-4A4A-A7C4-38E4C0EE9D60}.Debug|x86.Build.0 = Debug|Any CPU
		{69292FF6-1276-4A4A-A7C4-38E4C0EE9D60}.Release|Any CPU.ActiveCfg = Release|Any CPU
		{69292FF6-1276-4A4A-A7C4-38E4C0EE9D60}.Release|Any CPU.Build.0 = Release|Any CPU
		{69292FF6-1276-4A4A-A7C4-38E4C0EE9D60}.Release|x64.ActiveCfg = Release|Any CPU
		{69292FF6-1276-4A4A-A7C4-38E4C0EE9D60}.Release|x64.Build.0 = Release|Any CPU
		{69292FF6-1276-4A4A-A7C4-38E4C0EE9D60}.Release|x86.ActiveCfg = Release|Any CPU
		{69292FF6-1276-4A4A-A7C4-38E4C0EE9D60}.Release|x86.Build.0 = Release|Any CPU
		{028B8B32-EDD4-47BE-8ECB-F4FF4FAFA34D}.Debug|Any CPU.ActiveCfg = Debug|Any CPU
		{028B8B32-EDD4-47BE-8ECB-F4FF4FAFA34D}.Debug|Any CPU.Build.0 = Debug|Any CPU
		{028B8B32-EDD4-47BE-8ECB-F4FF4FAFA34D}.Debug|x64.ActiveCfg = Debug|Any CPU
		{028B8B32-EDD4-47BE-8ECB-F4FF4FAFA34D}.Debug|x64.Build.0 = Debug|Any CPU
		{028B8B32-EDD4-47BE-8ECB-F4FF4FAFA34D}.Debug|x86.ActiveCfg = Debug|Any CPU
		{028B8B32-EDD4-47BE-8ECB-F4FF4FAFA34D}.Debug|x86.Build.0 = Debug|Any CPU
		{028B8B32-EDD4-47BE-8ECB-F4FF4FAFA34D}.Release|Any CPU.ActiveCfg = Release|Any CPU
		{028B8B32-EDD4-47BE-8ECB-F4FF4FAFA34D}.Release|Any CPU.Build.0 = Release|Any CPU
		{028B8B32-EDD4-47BE-8ECB-F4FF4FAFA34D}.Release|x64.ActiveCfg = Release|Any CPU
		{028B8B32-EDD4-47BE-8ECB-F4FF4FAFA34D}.Release|x64.Build.0 = Release|Any CPU
		{028B8B32-EDD4-47BE-8ECB-F4FF4FAFA34D}.Release|x86.ActiveCfg = Release|Any CPU
		{028B8B32-EDD4-47BE-8ECB-F4FF4FAFA34D}.Release|x86.Build.0 = Release|Any CPU
	EndGlobalSection
EndGlobal
